
Microsoft Visual Studio Solution File, Format Version 12.00
# Visual Studio 14
VisualStudioVersion = 14.0.24720.0
MinimumVisualStudioVersion = 10.0.40219.1
Project("{8BC9CEB8-8B4A-11D0-8D11-00A0C91BC942}") = "librtsp", "librtsp\librtsp.vcxproj", "{C34CC56F-34FE-4D93-8582-5853B05442EA}"
EndProject
Project("{8BC9CEB8-8B4A-11D0-8D11-00A0C91BC942}") = "librtp", "librtp\librtp.vcxproj", "{B6A95553-A736-4083-8B96-C5F845FA8C6D}"
EndProject
Project("{8BC9CEB8-8B4A-11D0-8D11-00A0C91BC942}") = "libhls", "libhls\libhls.vcxproj", "{84B0AF1D-D52E-4BDF-8FD5-A8DBF12DDA1B}"
EndProject
Project("{8BC9CEB8-8B4A-11D0-8D11-00A0C91BC942}") = "libmpeg", "libmpeg\libmpeg.vcxproj", "{D4FD8942-4634-4598-B1C0-55D61815A9E8}"
EndProject
Project("{8BC9CEB8-8B4A-11D0-8D11-00A0C91BC942}") = "librtmp", "librtmp\librtmp.vcxproj", "{4440B772-4BFC-4CD3-9700-7FA6F4EC0002}"
EndProject
Project("{8BC9CEB8-8B4A-11D0-8D11-00A0C91BC942}") = "libmov", "libmov\libmov.vcxproj", "{D5106098-7B37-4DE0-B8FB-233BBABC2D72}"
EndProject
Project("{8BC9CEB8-8B4A-11D0-8D11-00A0C91BC942}") = "libflv", "libflv\libflv.vcxproj", "{D5BA0BB6-0D84-48CB-8630-F617CB6DE375}"
EndProject
Project("{8BC9CEB8-8B4A-11D0-8D11-00A0C91BC942}") = "libdash", "libdash\libdash.vcxproj", "{A5DA231F-6146-43B5-8BBE-891F7E552357}"
EndProject
Project("{8BC9CEB8-8B4A-11D0-8D11-00A0C91BC942}") = "test", "test\test.vcxproj", "{35027F2F-FD70-47C0-BDDE-7B4F0C7DD595}"
EndProject
Project("{8BC9CEB8-8B4A-11D0-8D11-00A0C91BC942}") = "libaio", "..\sdk\libaio\libaio.vcxproj", "{24239EF8-56AC-4B79-81AA-5CB49B8B1178}"
EndProject
Project("{8BC9CEB8-8B4A-11D0-8D11-00A0C91BC942}") = "libhttp", "..\sdk\libhttp\libhttp.vcxproj", "{B2CA3B5D-F7C6-4DAF-8F32-F8A169427A7C}"
EndProject
Project("{8BC9CEB8-8B4A-11D0-8D11-00A0C91BC942}") = "libsip", "libsip\libsip.vcxproj", "{5CDF2275-37A7-450A-B69F-2063079D6946}"
EndProject
Project("{8BC9CEB8-8B4A-11D0-8D11-00A0C91BC942}") = "libice", "..\sdk\libice\libice.vcxproj", "{F565E04B-1E19-47F3-8923-36479C5CAE4D}"
EndProject
Global
	GlobalSection(SolutionConfigurationPlatforms) = preSolution
		Debug|Win32 = Debug|Win32
		Debug|x64 = Debug|x64
		Release|Win32 = Release|Win32
		Release|x64 = Release|x64
	EndGlobalSection
	GlobalSection(ProjectConfigurationPlatforms) = postSolution
		{C34CC56F-34FE-4D93-8582-5853B05442EA}.Debug|Win32.ActiveCfg = Debug|Win32
		{C34CC56F-34FE-4D93-8582-5853B05442EA}.Debug|Win32.Build.0 = Debug|Win32
		{C34CC56F-34FE-4D93-8582-5853B05442EA}.Debug|x64.ActiveCfg = Debug|x64
		{C34CC56F-34FE-4D93-8582-5853B05442EA}.Release|Win32.ActiveCfg = Release|Win32
		{C34CC56F-34FE-4D93-8582-5853B05442EA}.Release|Win32.Build.0 = Release|Win32
		{C34CC56F-34FE-4D93-8582-5853B05442EA}.Release|x64.ActiveCfg = Release|Win32
		{B6A95553-A736-4083-8B96-C5F845FA8C6D}.Debug|Win32.ActiveCfg = Debug|Win32
		{B6A95553-A736-4083-8B96-C5F845FA8C6D}.Debug|Win32.Build.0 = Debug|Win32
		{B6A95553-A736-4083-8B96-C5F845FA8C6D}.Debug|x64.ActiveCfg = Debug|x64
		{B6A95553-A736-4083-8B96-C5F845FA8C6D}.Release|Win32.ActiveCfg = Release|Win32
		{B6A95553-A736-4083-8B96-C5F845FA8C6D}.Release|Win32.Build.0 = Release|Win32
		{B6A95553-A736-4083-8B96-C5F845FA8C6D}.Release|x64.ActiveCfg = Release|Win32
		{84B0AF1D-D52E-4BDF-8FD5-A8DBF12DDA1B}.Debug|Win32.ActiveCfg = Debug|Win32
		{84B0AF1D-D52E-4BDF-8FD5-A8DBF12DDA1B}.Debug|Win32.Build.0 = Debug|Win32
		{84B0AF1D-D52E-4BDF-8FD5-A8DBF12DDA1B}.Debug|x64.ActiveCfg = Debug|x64
		{84B0AF1D-D52E-4BDF-8FD5-A8DBF12DDA1B}.Release|Win32.ActiveCfg = Release|Win32
		{84B0AF1D-D52E-4BDF-8FD5-A8DBF12DDA1B}.Release|Win32.Build.0 = Release|Win32
		{84B0AF1D-D52E-4BDF-8FD5-A8DBF12DDA1B}.Release|x64.ActiveCfg = Release|Win32
		{D4FD8942-4634-4598-B1C0-55D61815A9E8}.Debug|Win32.ActiveCfg = Debug|Win32
		{D4FD8942-4634-4598-B1C0-55D61815A9E8}.Debug|Win32.Build.0 = Debug|Win32
		{D4FD8942-4634-4598-B1C0-55D61815A9E8}.Debug|x64.ActiveCfg = Debug|x64
		{D4FD8942-4634-4598-B1C0-55D61815A9E8}.Release|Win32.ActiveCfg = Release|Win32
		{D4FD8942-4634-4598-B1C0-55D61815A9E8}.Release|Win32.Build.0 = Release|Win32
		{D4FD8942-4634-4598-B1C0-55D61815A9E8}.Release|x64.ActiveCfg = Release|Win32
		{4440B772-4BFC-4CD3-9700-7FA6F4EC0002}.Debug|Win32.ActiveCfg = Debug|Win32
		{4440B772-4BFC-4CD3-9700-7FA6F4EC0002}.Debug|Win32.Build.0 = Debug|Win32
		{4440B772-4BFC-4CD3-9700-7FA6F4EC0002}.Debug|x64.ActiveCfg = Debug|x64
		{4440B772-4BFC-4CD3-9700-7FA6F4EC0002}.Debug|x64.Build.0 = Debug|x64
		{4440B772-4BFC-4CD3-9700-7FA6F4EC0002}.Release|Win32.ActiveCfg = Release|Win32
		{4440B772-4BFC-4CD3-9700-7FA6F4EC0002}.Release|Win32.Build.0 = Release|Win32
		{4440B772-4BFC-4CD3-9700-7FA6F4EC0002}.Release|x64.ActiveCfg = Release|x64
		{4440B772-4BFC-4CD3-9700-7FA6F4EC0002}.Release|x64.Build.0 = Release|x64
		{D5106098-7B37-4DE0-B8FB-233BBABC2D72}.Debug|Win32.ActiveCfg = Debug|Win32
		{D5106098-7B37-4DE0-B8FB-233BBABC2D72}.Debug|Win32.Build.0 = Debug|Win32
		{D5106098-7B37-4DE0-B8FB-233BBABC2D72}.Debug|x64.ActiveCfg = Debug|x64
		{D5106098-7B37-4DE0-B8FB-233BBABC2D72}.Debug|x64.Build.0 = Debug|x64
		{D5106098-7B37-4DE0-B8FB-233BBABC2D72}.Release|Win32.ActiveCfg = Release|Win32
		{D5106098-7B37-4DE0-B8FB-233BBABC2D72}.Release|Win32.Build.0 = Release|Win32
		{D5106098-7B37-4DE0-B8FB-233BBABC2D72}.Release|x64.ActiveCfg = Release|x64
		{D5106098-7B37-4DE0-B8FB-233BBABC2D72}.Release|x64.Build.0 = Release|x64
		{D5BA0BB6-0D84-48CB-8630-F617CB6DE375}.Debug|Win32.ActiveCfg = Debug|Win32
		{D5BA0BB6-0D84-48CB-8630-F617CB6DE375}.Debug|Win32.Build.0 = Debug|Win32
		{D5BA0BB6-0D84-48CB-8630-F617CB6DE375}.Debug|x64.ActiveCfg = Debug|x64
		{D5BA0BB6-0D84-48CB-8630-F617CB6DE375}.Debug|x64.Build.0 = Debug|x64
		{D5BA0BB6-0D84-48CB-8630-F617CB6DE375}.Release|Win32.ActiveCfg = Release|Win32
		{D5BA0BB6-0D84-48CB-8630-F617CB6DE375}.Release|Win32.Build.0 = Release|Win32
		{D5BA0BB6-0D84-48CB-8630-F617CB6DE375}.Release|x64.ActiveCfg = Release|x64
		{D5BA0BB6-0D84-48CB-8630-F617CB6DE375}.Release|x64.Build.0 = Release|x64
		{A5DA231F-6146-43B5-8BBE-891F7E552357}.Debug|Win32.ActiveCfg = Debug|Win32
		{A5DA231F-6146-43B5-8BBE-891F7E552357}.Debug|Win32.Build.0 = Debug|Win32
		{A5DA231F-6146-43B5-8BBE-891F7E552357}.Debug|x64.ActiveCfg = Debug|x64
		{A5DA231F-6146-43B5-8BBE-891F7E552357}.Debug|x64.Build.0 = Debug|x64
		{A5DA231F-6146-43B5-8BBE-891F7E552357}.Release|Win32.ActiveCfg = Release|Win32
		{A5DA231F-6146-43B5-8BBE-891F7E552357}.Release|Win32.Build.0 = Release|Win32
		{A5DA231F-6146-43B5-8BBE-891F7E552357}.Release|x64.ActiveCfg = Release|x64
		{A5DA231F-6146-43B5-8BBE-891F7E552357}.Release|x64.Build.0 = Release|x64
		{35027F2F-FD70-47C0-BDDE-7B4F0C7DD595}.Debug|Win32.ActiveCfg = Debug|Win32
		{35027F2F-FD70-47C0-BDDE-7B4F0C7DD595}.Debug|Win32.Build.0 = Debug|Win32
		{35027F2F-FD70-47C0-BDDE-7B4F0C7DD595}.Debug|x64.ActiveCfg = Debug|x64
		{35027F2F-FD70-47C0-BDDE-7B4F0C7DD595}.Debug|x64.Build.0 = Debug|x64
		{35027F2F-FD70-47C0-BDDE-7B4F0C7DD595}.Release|Win32.ActiveCfg = Release|Win32
		{35027F2F-FD70-47C0-BDDE-7B4F0C7DD595}.Release|Win32.Build.0 = Release|Win32
		{35027F2F-FD70-47C0-BDDE-7B4F0C7DD595}.Release|x64.ActiveCfg = Release|x64
		{35027F2F-FD70-47C0-BDDE-7B4F0C7DD595}.Release|x64.Build.0 = Release|x64
		{24239EF8-56AC-4B79-81AA-5CB49B8B1178}.Debug|Win32.ActiveCfg = Debug|Win32
		{24239EF8-56AC-4B79-81AA-5CB49B8B1178}.Debug|Win32.Build.0 = Debug|Win32
		{24239EF8-56AC-4B79-81AA-5CB49B8B1178}.Debug|x64.ActiveCfg = Debug|x64
		{24239EF8-56AC-4B79-81AA-5CB49B8B1178}.Debug|x64.Build.0 = Debug|x64
		{24239EF8-56AC-4B79-81AA-5CB49B8B1178}.Release|Win32.ActiveCfg = Release|Win32
		{24239EF8-56AC-4B79-81AA-5CB49B8B1178}.Release|Win32.Build.0 = Release|Win32
		{24239EF8-56AC-4B79-81AA-5CB49B8B1178}.Release|x64.ActiveCfg = Release|x64
		{24239EF8-56AC-4B79-81AA-5CB49B8B1178}.Release|x64.Build.0 = Release|x64
		{B2CA3B5D-F7C6-4DAF-8F32-F8A169427A7C}.Debug|Win32.ActiveCfg = Debug|Win32
		{B2CA3B5D-F7C6-4DAF-8F32-F8A169427A7C}.Debug|Win32.Build.0 = Debug|Win32
		{B2CA3B5D-F7C6-4DAF-8F32-F8A169427A7C}.Debug|x64.ActiveCfg = Debug|x64
		{B2CA3B5D-F7C6-4DAF-8F32-F8A169427A7C}.Debug|x64.Build.0 = Debug|x64
		{B2CA3B5D-F7C6-4DAF-8F32-F8A169427A7C}.Release|Win32.ActiveCfg = Release|Win32
		{B2CA3B5D-F7C6-4DAF-8F32-F8A169427A7C}.Release|Win32.Build.0 = Release|Win32
		{B2CA3B5D-F7C6-4DAF-8F32-F8A169427A7C}.Release|x64.ActiveCfg = Release|x64
		{B2CA3B5D-F7C6-4DAF-8F32-F8A169427A7C}.Release|x64.Build.0 = Release|x64
		{5CDF2275-37A7-450A-B69F-2063079D6946}.Debug|Win32.ActiveCfg = Debug|Win32
		{5CDF2275-37A7-450A-B69F-2063079D6946}.Debug|Win32.Build.0 = Debug|Win32
		{5CDF2275-37A7-450A-B69F-2063079D6946}.Debug|x64.ActiveCfg = Debug|x64
		{5CDF2275-37A7-450A-B69F-2063079D6946}.Debug|x64.Build.0 = Debug|x64
		{5CDF2275-37A7-450A-B69F-2063079D6946}.Release|Win32.ActiveCfg = Release|Win32
		{5CDF2275-37A7-450A-B69F-2063079D6946}.Release|Win32.Build.0 = Release|Win32
		{5CDF2275-37A7-450A-B69F-2063079D6946}.Release|x64.ActiveCfg = Release|x64
		{5CDF2275-37A7-450A-B69F-2063079D6946}.Release|x64.Build.0 = Release|x64
		{F565E04B-1E19-47F3-8923-36479C5CAE4D}.Debug|Win32.ActiveCfg = Debug|Win32
		{F565E04B-1E19-47F3-8923-36479C5CAE4D}.Debug|Win32.Build.0 = Debug|Win32
		{F565E04B-1E19-47F3-8923-36479C5CAE4D}.Debug|x64.ActiveCfg = Debug|x64
		{F565E04B-1E19-47F3-8923-36479C5CAE4D}.Debug|x64.Build.0 = Debug|x64
		{F565E04B-1E19-47F3-8923-36479C5CAE4D}.Release|Win32.ActiveCfg = Release|Win32
		{F565E04B-1E19-47F3-8923-36479C5CAE4D}.Release|Win32.Build.0 = Release|Win32
		{F565E04B-1E19-47F3-8923-36479C5CAE4D}.Release|x64.ActiveCfg = Release|x64
		{F565E04B-1E19-47F3-8923-36479C5CAE4D}.Release|x64.Build.0 = Release|x64
	EndGlobalSection
	GlobalSection(SolutionProperties) = preSolution
		HideSolutionNode = FALSE
	EndGlobalSection
	GlobalSection(ExtensibilityGlobals) = postSolution
		SolutionGuid = {E0DCA535-6F79-4DB7-83ED-919129918A77}
	EndGlobalSection
EndGlobal
